// !$*UTF8*$!
{
	archiveVersion = 1;
	classes = {
	};
	objectVersion = 46;
	objects = {

/* Begin PBXBuildFile section */
		4751C9391F0E282F003EB9C8 /* main.m in Sources */ = {isa = PBXBuildFile; fileRef = 4751C9381F0E282F003EB9C8 /* main.m */; };
		4751C93C1F0E282F003EB9C8 /* AppDelegate.m in Sources */ = {isa = PBXBuildFile; fileRef = 4751C93B1F0E282F003EB9C8 /* AppDelegate.m */; };
		4751C93F1F0E282F003EB9C8 /* ViewController.m in Sources */ = {isa = PBXBuildFile; fileRef = 4751C93E1F0E282F003EB9C8 /* ViewController.m */; };
		4751C9421F0E282F003EB9C8 /* Main.storyboard in Resources */ = {isa = PBXBuildFile; fileRef = 4751C9401F0E282F003EB9C8 /* Main.storyboard */; };
		4751C9441F0E282F003EB9C8 /* Assets.xcassets in Resources */ = {isa = PBXBuildFile; fileRef = 4751C9431F0E282F003EB9C8 /* Assets.xcassets */; };
		4751C9471F0E282F003EB9C8 /* LaunchScreen.storyboard in Resources */ = {isa = PBXBuildFile; fileRef = 4751C9451F0E282F003EB9C8 /* LaunchScreen.storyboard */; };
		4751C9521F0E2830003EB9C8 /* OcDemoTests.m in Sources */ = {isa = PBXBuildFile; fileRef = 4751C9511F0E2830003EB9C8 /* OcDemoTests.m */; };
		4751C95D1F0E2830003EB9C8 /* OcDemoUITests.m in Sources */ = {isa = PBXBuildFile; fileRef = 4751C95C1F0E2830003EB9C8 /* OcDemoUITests.m */; };
/* End PBXBuildFile section */

/* Begin PBXContainerItemProxy section */
		4751C94E1F0E2830003EB9C8 /* PBXContainerItemProxy */ = {
			isa = PBXContainerItemProxy;
			containerPortal = 4751C92C1F0E282E003EB9C8 /* Project object */;
			proxyType = 1;
			remoteGlobalIDString = 4751C9331F0E282E003EB9C8;
			remoteInfo = OcDemo;
		};
		4751C9591F0E2830003EB9C8 /* PBXContainerItemProxy */ = {
			isa = PBXContainerItemProxy;
			containerPortal = 4751C92C1F0E282E003EB9C8 /* Project object */;
			proxyType = 1;
			remoteGlobalIDString = 4751C9331F0E282E003EB9C8;
			remoteInfo = OcDemo;
		};
/* End PBXContainerItemProxy section */

/* Begin PBXFileReference section */
		4751C9341F0E282F003EB9C8 /* OcDemo.app */ = {isa = PBXFileReference; explicitFileType = wrapper.application; includeInIndex = 0; path = OcDemo.app; sourceTree = BUILT_PRODUCTS_DIR; };
		4751C9381F0E282F003EB9C8 /* main.m */ = {isa = PBXFileReference; lastKnownFileType = sourcecode.c.objc; path = main.m; sourceTree = "<group>"; };
		4751C93A1F0E282F003EB9C8 /* AppDelegate.h */ = {isa = PBXFileReference; lastKnownFileType = sourcecode.c.h; path = AppDelegate.h; sourceTree = "<group>"; };
		4751C93B1F0E282F003EB9C8 /* AppDelegate.m */ = {isa = PBXFileReference; lastKnownFileType = sourcecode.c.objc; path = AppDelegate.m; sourceTree = "<group>"; };
		4751C93D1F0E282F003EB9C8 /* ViewController.h */ = {isa = PBXFileReference; lastKnownFileType = sourcecode.c.h; path = ViewController.h; sourceTree = "<group>"; };
		4751C93E1F0E282F003EB9C8 /* ViewController.m */ = {isa = PBXFileReference; lastKnownFileType = sourcecode.c.objc; path = ViewController.m; sourceTree = "<group>"; };
		4751C9411F0E282F003EB9C8 /* Base */ = {isa = PBXFileReference; lastKnownFileType = file.storyboard; name = Base; path = Base.lproj/Main.storyboard; sourceTree = "<group>"; };
		4751C9431F0E282F003EB9C8 /* Assets.xcassets */ = {isa = PBXFileReference; lastKnownFileType = folder.assetcatalog; path = Assets.xcassets; sourceTree = "<group>"; };
		4751C9461F0E282F003EB9C8 /* Base */ = {isa = PBXFileReference; lastKnownFileType = file.storyboard; name = Base; path = Base.lproj/LaunchScreen.storyboard; sourceTree = "<group>"; };
		4751C9481F0E2830003EB9C8 /* Info.plist */ = {isa = PBXFileReference; lastKnownFileType = text.plist.xml; path = Info.plist; sourceTree = "<group>"; };
		4751C94D1F0E2830003EB9C8 /* OcDemoTests.xctest */ = {isa = PBXFileReference; explicitFileType = wrapper.cfbundle; includeInIndex = 0; path = OcDemoTests.xctest; sourceTree = BUILT_PRODUCTS_DIR; };
		4751C9511F0E2830003EB9C8 /* OcDemoTests.m */ = {isa = PBXFileReference; lastKnownFileType = sourcecode.c.objc; path = OcDemoTests.m; sourceTree = "<group>"; };
		4751C9531F0E2830003EB9C8 /* Info.plist */ = {isa = PBXFileReference; lastKnownFileType = text.plist.xml; path = Info.plist; sourceTree = "<group>"; };
		4751C9581F0E2830003EB9C8 /* OcDemoUITests.xctest */ = {isa = PBXFileReference; explicitFileType = wrapper.cfbundle; includeInIndex = 0; path = OcDemoUITests.xctest; sourceTree = BUILT_PRODUCTS_DIR; };
		4751C95C1F0E2830003EB9C8 /* OcDemoUITests.m */ = {isa = PBXFileReference; lastKnownFileType = sourcecode.c.objc; path = OcDemoUITests.m; sourceTree = "<group>"; };
		4751C95E1F0E2830003EB9C8 /* Info.plist */ = {isa = PBXFileReference; lastKnownFileType = text.plist.xml; path = Info.plist; sourceTree = "<group>"; };
/* End PBXFileReference section */

/* Begin PBXFrameworksBuildPhase section */
		4751C9311F0E282E003EB9C8 /* Frameworks */ = {
			isa = PBXFrameworksBuildPhase;
			buildActionMask = 2147483647;
			files = (
			);
			runOnlyForDeploymentPostprocessing = 0;
		};
		4751C94A1F0E2830003EB9C8 /* Frameworks */ = {
			isa = PBXFrameworksBuildPhase;
			buildActionMask = 2147483647;
			files = (
			);
			runOnlyForDeploymentPostprocessing = 0;
		};
		4751C9551F0E2830003EB9C8 /* Frameworks */ = {
			isa = PBXFrameworksBuildPhase;
			buildActionMask = 2147483647;
			files = (
			);
			runOnlyForDeploymentPostprocessing = 0;
		};
/* End PBXFrameworksBuildPhase section */

/* Begin PBXGroup section */
		4751C92B1F0E282E003EB9C8 = {
			isa = PBXGroup;
			children = (
				4751C9361F0E282F003EB9C8 /* OcDemo */,
				4751C9501F0E2830003EB9C8 /* OcDemoTests */,
				4751C95B1F0E2830003EB9C8 /* OcDemoUITests */,
				4751C9351F0E282F003EB9C8 /* Products */,
			);
			sourceTree = "<group>";
		};
		4751C9351F0E282F003EB9C8 /* Products */ = {
			isa = PBXGroup;
			children = (
				4751C9341F0E282F003EB9C8 /* OcDemo.app */,
				4751C94D1F0E2830003EB9C8 /* OcDemoTests.xctest */,
				4751C9581F0E2830003EB9C8 /* OcDemoUITests.xctest */,
			);
			name = Products;
			sourceTree = "<group>";
		};
		4751C9361F0E282F003EB9C8 /* OcDemo */ = {
			isa = PBXGroup;
			children = (
				4751C93A1F0E282F003EB9C8 /* AppDelegate.h */,
				4751C93B1F0E282F003EB9C8 /* AppDelegate.m */,
				4751C93D1F0E282F003EB9C8 /* ViewController.h */,
				4751C93E1F0E282F003EB9C8 /* ViewController.m */,
				4751C9401F0E282F003EB9C8 /* Main.storyboard */,
				4751C9431F0E282F003EB9C8 /* Assets.xcassets */,
				4751C9451F0E282F003EB9C8 /* LaunchScreen.storyboard */,
				4751C9481F0E2830003EB9C8 /* Info.plist */,
				4751C9371F0E282F003EB9C8 /* Supporting Files */,
			);
			path = OcDemo;
			sourceTree = "<group>";
		};
		4751C9371F0E282F003EB9C8 /* Supporting Files */ = {
			isa = PBXGroup;
			children = (
				4751C9381F0E282F003EB9C8 /* main.m */,
			);
			name = "Supporting Files";
			sourceTree = "<group>";
		};
		4751C9501F0E2830003EB9C8 /* OcDemoTests */ = {
			isa = PBXGroup;
			children = (
				4751C9511F0E2830003EB9C8 /* OcDemoTests.m */,
				4751C9531F0E2830003EB9C8 /* Info.plist */,
			);
			path = OcDemoTests;
			sourceTree = "<group>";
		};
		4751C95B1F0E2830003EB9C8 /* OcDemoUITests */ = {
			isa = PBXGroup;
			children = (
				4751C95C1F0E2830003EB9C8 /* OcDemoUITests.m */,
				4751C95E1F0E2830003EB9C8 /* Info.plist */,
			);
			path = OcDemoUITests;
			sourceTree = "<group>";
		};
/* End PBXGroup section */

/* Begin PBXNativeTarget section */
		4751C9331F0E282E003EB9C8 /* OcDemo */ = {
			isa = PBXNativeTarget;
			buildConfigurationList = 4751C9611F0E2830003EB9C8 /* Build configuration list for PBXNativeTarget "OcDemo" */;
			buildPhases = (
				4751C9301F0E282E003EB9C8 /* Sources */,
				4751C9311F0E282E003EB9C8 /* Frameworks */,
				4751C9321F0E282E003EB9C8 /* Resources */,
			);
			buildRules = (
			);
			dependencies = (
			);
			name = OcDemo;
			productName = OcDemo;
			productReference = 4751C9341F0E282F003EB9C8 /* OcDemo.app */;
			productType = "com.apple.product-type.application";
		};
		4751C94C1F0E2830003EB9C8 /* OcDemoTests */ = {
			isa = PBXNativeTarget;
			buildConfigurationList = 4751C9641F0E2830003EB9C8 /* Build configuration list for PBXNativeTarget "OcDemoTests" */;
			buildPhases = (
				4751C9491F0E2830003EB9C8 /* Sources */,
				4751C94A1F0E2830003EB9C8 /* Frameworks */,
				4751C94B1F0E2830003EB9C8 /* Resources */,
			);
			buildRules = (
			);
			dependencies = (
				4751C94F1F0E2830003EB9C8 /* PBXTargetDependency */,
			);
			name = OcDemoTests;
			productName = OcDemoTests;
			productReference = 4751C94D1F0E2830003EB9C8 /* OcDemoTests.xctest */;
			productType = "com.apple.product-type.bundle.unit-test";
		};
		4751C9571F0E2830003EB9C8 /* OcDemoUITests */ = {
			isa = PBXNativeTarget;
			buildConfigurationList = 4751C9671F0E2830003EB9C8 /* Build configuration list for PBXNativeTarget "OcDemoUITests" */;
			buildPhases = (
				4751C9541F0E2830003EB9C8 /* Sources */,
				4751C9551F0E2830003EB9C8 /* Frameworks */,
				4751C9561F0E2830003EB9C8 /* Resources */,
			);
			buildRules = (
			);
			dependencies = (
				4751C95A1F0E2830003EB9C8 /* PBXTargetDependency */,
			);
			name = OcDemoUITests;
			productName = OcDemoUITests;
			productReference = 4751C9581F0E2830003EB9C8 /* OcDemoUITests.xctest */;
			productType = "com.apple.product-type.bundle.ui-testing";
		};
/* End PBXNativeTarget section */

/* Begin PBXProject section */
		4751C92C1F0E282E003EB9C8 /* Project object */ = {
			isa = PBXProject;
			attributes = {
				LastUpgradeCheck = 0830;
				ORGANIZATIONNAME = ping222s;
				TargetAttributes = {
					4751C9331F0E282E003EB9C8 = {
						CreatedOnToolsVersion = 8.3.3;
						DevelopmentTeam = LV4Y7242C3;
						ProvisioningStyle = Automatic;
					};
					4751C94C1F0E2830003EB9C8 = {
						CreatedOnToolsVersion = 8.3.3;
						DevelopmentTeam = LV4Y7242C3;
						ProvisioningStyle = Automatic;
						TestTargetID = 4751C9331F0E282E003EB9C8;
					};
					4751C9571F0E2830003EB9C8 = {
						CreatedOnToolsVersion = 8.3.3;
						DevelopmentTeam = LV4Y7242C3;
						ProvisioningStyle = Automatic;
						TestTargetID = 4751C9331F0E282E003EB9C8;
					};
				};
			};
			buildConfigurationList = 4751C92F1F0E282E003EB9C8 /* Build configuration list for PBXProject "OcDemo" */;
			compatibilityVersion = "Xcode 3.2";
			developmentRegion = English;
			hasScannedForEncodings = 0;
			knownRegions = (
				en,
				Base,
			);
			mainGroup = 4751C92B1F0E282E003EB9C8;
			productRefGroup = 4751C9351F0E282F003EB9C8 /* Products */;
			projectDirPath = "";
			projectRoot = "";
			targets = (
				4751C9331F0E282E003EB9C8 /* OcDemo */,
				4751C94C1F0E2830003EB9C8 /* OcDemoTests */,
				4751C9571F0E2830003EB9C8 /* OcDemoUITests */,
			);
		};
/* End PBXProject section */

/* Begin PBXResourcesBuildPhase section */
		4751C9321F0E282E003EB9C8 /* Resources */ = {
			isa = PBXResourcesBuildPhase;
			buildActionMask = 2147483647;
			files = (
				4751C9471F0E282F003EB9C8 /* LaunchScreen.storyboard in Resources */,
				4751C9441F0E282F003EB9C8 /* Assets.xcassets in Resources */,
				4751C9421F0E282F003EB9C8 /* Main.storyboard in Resources */,
			);
			runOnlyForDeploymentPostprocessing = 0;
		};
		4751C94B1F0E2830003EB9C8 /* Resources */ = {
			isa = PBXResourcesBuildPhase;
			buildActionMask = 2147483647;
			files = (
			);
			runOnlyForDeploymentPostprocessing = 0;
		};
		4751C9561F0E2830003EB9C8 /* Resources */ = {
			isa = PBXResourcesBuildPhase;
			buildActionMask = 2147483647;
			files = (
			);
			runOnlyForDeploymentPostprocessing = 0;
		};
/* End PBXResourcesBuildPhase section */

/* Begin PBXSourcesBuildPhase section */
		4751C9301F0E282E003EB9C8 /* Sources */ = {
			isa = PBXSourcesBuildPhase;
			buildActionMask = 2147483647;
			files = (
				4751C93F1F0E282F003EB9C8 /* ViewController.m in Sources */,
				4751C93C1F0E282F003EB9C8 /* AppDelegate.m in Sources */,
				4751C9391F0E282F003EB9C8 /* main.m in Sources */,
			);
			runOnlyForDeploymentPostprocessing = 0;
		};
		4751C9491F0E2830003EB9C8 /* Sources */ = {
			isa = PBXSourcesBuildPhase;
			buildActionMask = 2147483647;
			files = (
				4751C9521F0E2830003EB9C8 /* OcDemoTests.m in Sources */,
			);
			runOnlyForDeploymentPostprocessing = 0;
		};
		4751C9541F0E2830003EB9C8 /* Sources */ = {
			isa = PBXSourcesBuildPhase;
			buildActionMask = 2147483647;
			files = (
				4751C95D1F0E2830003EB9C8 /* OcDemoUITests.m in Sources */,
			);
			runOnlyForDeploymentPostprocessing = 0;
		};
/* End PBXSourcesBuildPhase section */

/* Begin PBXTargetDependency section */
		4751C94F1F0E2830003EB9C8 /* PBXTargetDependency */ = {
			isa = PBXTargetDependency;
			target = 4751C9331F0E282E003EB9C8 /* OcDemo */;
			targetProxy = 4751C94E1F0E2830003EB9C8 /* PBXContainerItemProxy */;
		};
		4751C95A1F0E2830003EB9C8 /* PBXTargetDependency */ = {
			isa = PBXTargetDependency;
			target = 4751C9331F0E282E003EB9C8 /* OcDemo */;
			targetProxy = 4751C9591F0E2830003EB9C8 /* PBXContainerItemProxy */;
		};
/* End PBXTargetDependency section */

/* Begin PBXVariantGroup section */
		4751C9401F0E282F003EB9C8 /* Main.storyboard */ = {
			isa = PBXVariantGroup;
			children = (
				4751C9411F0E282F003EB9C8 /* Base */,
			);
			name = Main.storyboard;
			sourceTree = "<group>";
		};
		4751C9451F0E282F003EB9C8 /* LaunchScreen.storyboard */ = {
			isa = PBXVariantGroup;
			children = (
				4751C9461F0E282F003EB9C8 /* Base */,
			);
			name = LaunchScreen.storyboard;
			sourceTree = "<group>";
		};
/* End PBXVariantGroup section */

/* Begin XCBuildConfiguration section */
		4751C95F1F0E2830003EB9C8 /* Debug */ = {
			isa = XCBuildConfiguration;
			buildSettings = {
				ALWAYS_SEARCH_USER_PATHS = NO;
				CLANG_ANALYZER_NONNULL = YES;
				CLANG_ANALYZER_NUMBER_OBJECT_CONVERSION = YES_AGGRESSIVE;
				CLANG_CXX_LANGUAGE_STANDARD = "gnu++0x";
				CLANG_CXX_LIBRARY = "libc++";
				CLANG_ENABLE_MODULES = YES;
				CLANG_ENABLE_OBJC_ARC = YES;
				CLANG_WARN_BOOL_CONVERSION = YES;
				CLANG_WARN_CONSTANT_CONVERSION = YES;
				CLANG_WARN_DIRECT_OBJC_ISA_USAGE = YES_ERROR;
				CLANG_WARN_DOCUMENTATION_COMMENTS = YES;
				CLANG_WARN_EMPTY_BODY = YES;
				CLANG_WARN_ENUM_CONVERSION = YES;
				CLANG_WARN_INFINITE_RECURSION = YES;
				CLANG_WARN_INT_CONVERSION = YES;
				CLANG_WARN_OBJC_ROOT_CLASS = YES_ERROR;
				CLANG_WARN_SUSPICIOUS_MOVE = YES;
				CLANG_WARN_UNREACHABLE_CODE = YES;
				CLANG_WARN__DUPLICATE_METHOD_MATCH = YES;
				"CODE_SIGN_IDENTITY[sdk=iphoneos*]" = "iPhone Developer";
				COPY_PHASE_STRIP = NO;
				DEBUG_INFORMATION_FORMAT = dwarf;
				ENABLE_STRICT_OBJC_MSGSEND = YES;
				ENABLE_TESTABILITY = YES;
				GCC_C_LANGUAGE_STANDARD = gnu99;
				GCC_DYNAMIC_NO_PIC = NO;
				GCC_NO_COMMON_BLOCKS = YES;
				GCC_OPTIMIZATION_LEVEL = 0;
				GCC_PREPROCESSOR_DEFINITIONS = (
					"DEBUG=1",
					"$(inherited)",
				);
				GCC_WARN_64_TO_32_BIT_CONVERSION = YES;
				GCC_WARN_ABOUT_RETURN_TYPE = YES_ERROR;
				GCC_WARN_UNDECLARED_SELECTOR = YES;
				GCC_WARN_UNINITIALIZED_AUTOS = YES_AGGRESSIVE;
				GCC_WARN_UNUSED_FUNCTION = YES;
				GCC_WARN_UNUSED_VARIABLE = YES;
				IPHONEOS_DEPLOYMENT_TARGET = 10.3;
				MTL_ENABLE_DEBUG_INFO = YES;
				ONLY_ACTIVE_ARCH = YES;
				SDKROOT = iphoneos;
			};
			name = Debug;
		};
		4751C9601F0E2830003EB9C8 /* Release */ = {
			isa = XCBuildConfiguration;
			buildSettings = {
				ALWAYS_SEARCH_USER_PATHS = NO;
				CLANG_ANALYZER_NONNULL = YES;
				CLANG_ANALYZER_NUMBER_OBJECT_CONVERSION = YES_AGGRESSIVE;
				CLANG_CXX_LANGUAGE_STANDARD = "gnu++0x";
				CLANG_CXX_LIBRARY = "libc++";
				CLANG_ENABLE_MODULES = YES;
				CLANG_ENABLE_OBJC_ARC = YES;
				CLANG_WARN_BOOL_CONVERSION = YES;
				CLANG_WARN_CONSTANT_CONVERSION = YES;
				CLANG_WARN_DIRECT_OBJC_ISA_USAGE = YES_ERROR;
				CLANG_WARN_DOCUMENTATION_COMMENTS = YES;
				CLANG_WARN_EMPTY_BODY = YES;
				CLANG_WARN_ENUM_CONVERSION = YES;
				CLANG_WARN_INFINITE_RECURSION = YES;
				CLANG_WARN_INT_CONVERSION = YES;
				CLANG_WARN_OBJC_ROOT_CLASS = YES_ERROR;
				CLANG_WARN_SUSPICIOUS_MOVE = YES;
				CLANG_WARN_UNREACHABLE_CODE = YES;
				CLANG_WARN__DUPLICATE_METHOD_MATCH = YES;
				"CODE_SIGN_IDENTITY[sdk=iphoneos*]" = "iPhone Developer";
				COPY_PHASE_STRIP = NO;
				DEBUG_INFORMATION_FORMAT = "dwarf-with-dsym";
				ENABLE_NS_ASSERTIONS = NO;
				ENABLE_STRICT_OBJC_MSGSEND = YES;
				GCC_C_LANGUAGE_STANDARD = gnu99;
				GCC_NO_COMMON_BLOCKS = YES;
				GCC_WARN_64_TO_32_BIT_CONVERSION = YES;
				GCC_WARN_ABOUT_RETURN_TYPE = YES_ERROR;
				GCC_WARN_UNDECLARED_SELECTOR = YES;
				GCC_WARN_UNINITIALIZED_AUTOS = YES_AGGRESSIVE;
				GCC_WARN_UNUSED_FUNCTION = YES;
				GCC_WARN_UNUSED_VARIABLE = YES;
				IPHONEOS_DEPLOYMENT_TARGET = 10.3;
				MTL_ENABLE_DEBUG_INFO = NO;
				SDKROOT = iphoneos;
				VALIDATE_PRODUCT = YES;
			};
			name = Release;
		};
		4751C9621F0E2830003EB9C8 /* Debug */ = {
			isa = XCBuildConfiguration;
			buildSettings = {
				ASSETCATALOG_COMPILER_APPICON_NAME = AppIcon;
				DEVELOPMENT_TEAM = LV4Y7242C3;
				INFOPLIST_FILE = OcDemo/Info.plist;
				LD_RUNPATH_SEARCH_PATHS = "$(inherited) @executable_path/Frameworks";
				PRODUCT_BUNDLE_IDENTIFIER = com.zhou.OcDemo;
				PRODUCT_NAME = "$(TARGET_NAME)";
			};
			name = Debug;
		};
		4751C9631F0E2830003EB9C8 /* Release */ = {
			isa = XCBuildConfiguration;
			buildSettings = {
				ASSETCATALOG_COMPILER_APPICON_NAME = AppIcon;
				DEVELOPMENT_TEAM = LV4Y7242C3;
				INFOPLIST_FILE = OcDemo/Info.plist;
				LD_RUNPATH_SEARCH_PATHS = "$(inherited) @executable_path/Frameworks";
				PRODUCT_BUNDLE_IDENTIFIER = com.zhou.OcDemo;
				PRODUCT_NAME = "$(TARGET_NAME)";
			};
			name = Release;
		};
		4751C9651F0E2830003EB9C8 /* Debug */ = {
			isa = XCBuildConfiguration;
			buildSettings = {
				BUNDLE_LOADER = "$(TEST_HOST)";
				DEVELOPMENT_TEAM = LV4Y7242C3;
				INFOPLIST_FILE = OcDemoTests/Info.plist;
				LD_RUNPATH_SEARCH_PATHS = "$(inherited) @executable_path/Frameworks @loader_path/Frameworks";
				PRODUCT_BUNDLE_IDENTIFIER = com.zhou.OcDemoTests;
				PRODUCT_NAME = "$(TARGET_NAME)";
				TEST_HOST = "$(BUILT_PRODUCTS_DIR)/OcDemo.app/OcDemo";
			};
			name = Debug;
		};
		4751C9661F0E2830003EB9C8 /* Release */ = {
			isa = XCBuildConfiguration;
			buildSettings = {
				BUNDLE_LOADER = "$(TEST_HOST)";
				DEVELOPMENT_TEAM = LV4Y7242C3;
				INFOPLIST_FILE = OcDemoTests/Info.plist;
				LD_RUNPATH_SEARCH_PATHS = "$(inherited) @executable_path/Frameworks @loader_path/Frameworks";
				PRODUCT_BUNDLE_IDENTIFIER = com.zhou.OcDemoTests;
				PRODUCT_NAME = "$(TARGET_NAME)";
				TEST_HOST = "$(BUILT_PRODUCTS_DIR)/OcDemo.app/OcDemo";
			};
			name = Release;
		};
		4751C9681F0E2830003EB9C8 /* Debug */ = {
			isa = XCBuildConfiguration;
			buildSettings = {
				DEVELOPMENT_TEAM = LV4Y7242C3;
				INFOPLIST_FILE = OcDemoUITests/Info.plist;
				LD_RUNPATH_SEARCH_PATHS = "$(inherited) @executable_path/Frameworks @loader_path/Frameworks";
				PRODUCT_BUNDLE_IDENTIFIER = com.zhou.OcDemoUITests;
				PRODUCT_NAME = "$(TARGET_NAME)";
				TEST_TARGET_NAME = OcDemo;
			};
			name = Debug;
		};
		4751C9691F0E2830003EB9C8 /* Release */ = {
			isa = XCBuildConfiguration;
			buildSettings = {
				DEVELOPMENT_TEAM = LV4Y7242C3;
				INFOPLIST_FILE = OcDemoUITests/Info.plist;
				LD_RUNPATH_SEARCH_PATHS = "$(inherited) @executable_path/Frameworks @loader_path/Frameworks";
				PRODUCT_BUNDLE_IDENTIFIER = com.zhou.OcDemoUITests;
				PRODUCT_NAME = "$(TARGET_NAME)";
				TEST_TARGET_NAME = OcDemo;
			};
			name = Release;
		};
/* End XCBuildConfiguration section */

/* Begin XCConfigurationList section */
		4751C92F1F0E282E003EB9C8 /* Build configuration list for PBXProject "OcDemo" */ = {
			isa = XCConfigurationList;
			buildConfigurations = (
				4751C95F1F0E2830003EB9C8 /* Debug */,
				4751C9601F0E2830003EB9C8 /* Release */,
			);
			defaultConfigurationIsVisible = 0;
			defaultConfigurationName = Release;
		};
		4751C9611F0E2830003EB9C8 /* Build configuration list for PBXNativeTarget "OcDemo" */ = {
			isa = XCConfigurationList;
			buildConfigurations = (
				4751C9621F0E2830003EB9C8 /* Debug */,
				4751C9631F0E2830003EB9C8 /* Release */,
			);
			defaultConfigurationIsVisible = 0;
		};
		4751C9641F0E2830003EB9C8 /* Build configuration list for PBXNativeTarget "OcDemoTests" */ = {
			isa = XCConfigurationList;
			buildConfigurations = (
				4751C9651F0E2830003EB9C8 /* Debug */,
				4751C9661F0E2830003EB9C8 /* Release */,
			);
			defaultConfigurationIsVisible = 0;
		};
		4751C9671F0E2830003EB9C8 /* Build configuration list for PBXNativeTarget "OcDemoUITests" */ = {
			isa = XCConfigurationList;
			buildConfigurations = (
				4751C9681F0E2830003EB9C8 /* Debug */,
				4751C9691F0E2830003EB9C8 /* Release */,
			);
			defaultConfigurationIsVisible = 0;
		};
/* End XCConfigurationList section */
	};
	rootObject = 4751C92C1F0E282E003EB9C8 /* Project object */;
}
